
Microsoft Visual Studio Solution File, Format Version 12.00
# Visual Studio Version 16
VisualStudioVersion = 16.0.30225.117
MinimumVisualStudioVersion = 10.0.40219.1
Project("{FAE04EC0-301F-11D3-BF4B-00C04F79EFBC}") = "ManupulacionDatos_M5", "ManupulacionDatos_M5.csproj", "{0F7FB419-632F-4533-9158-6AA8233B8DF5}"
EndProject
Global
	GlobalSection(SolutionConfigurationPlatforms) = preSolution
		Debug|Any CPU = Debug|Any CPU
		Release|Any CPU = Release|Any CPU
	EndGlobalSection
	GlobalSection(ProjectConfigurationPlatforms) = postSolution
		{0F7FB419-632F-4533-9158-6AA8233B8DF5}.Debug|Any CPU.ActiveCfg = Debug|Any CPU
		{0F7FB419-632F-4533-9158-6AA8233B8DF5}.Debug|Any CPU.Build.0 = Debug|Any CPU
		{0F7FB419-632F-4533-9158-6AA8233B8DF5}.Release|Any CPU.ActiveCfg = Release|Any CPU
		{0F7FB419-632F-4533-9158-6AA8233B8DF5}.Release|Any CPU.Build.0 = Release|Any CPU
	EndGlobalSection
	GlobalSection(SolutionProperties) = preSolution
		HideSolutionNode = FALSE
	EndGlobalSection
	GlobalSection(ExtensibilityGlobals) = postSolution
		SolutionGuid = {61C074B3-732B-4E6B-A604-D58F8323333F}
	EndGlobalSection
EndGlobal
